// !$*UTF8*$!
{
	archiveVersion = 1;
	classes = {
	};
	objectVersion = 50;
	objects = {

/* Begin PBXBuildFile section */
		79F001BD25B8B8C400613136 /* AppDelegate.swift in Sources */ = {isa = PBXBuildFile; fileRef = 79F001BC25B8B8C400613136 /* AppDelegate.swift */; };
		79F001BF25B8B8C400613136 /* SceneDelegate.swift in Sources */ = {isa = PBXBuildFile; fileRef = 79F001BE25B8B8C400613136 /* SceneDelegate.swift */; };
		79F001C625B8B8C600613136 /* Assets.xcassets in Resources */ = {isa = PBXBuildFile; fileRef = 79F001C525B8B8C600613136 /* Assets.xcassets */; };
		79F001C925B8B8C600613136 /* LaunchScreen.storyboard in Resources */ = {isa = PBXBuildFile; fileRef = 79F001C725B8B8C600613136 /* LaunchScreen.storyboard */; };
		79F001D425B8B8C700613136 /* SpecialSpoonTests.swift in Sources */ = {isa = PBXBuildFile; fileRef = 79F001D325B8B8C700613136 /* SpecialSpoonTests.swift */; };
		79F001DF25B8B8C700613136 /* SpecialSpoonUITests.swift in Sources */ = {isa = PBXBuildFile; fileRef = 79F001DE25B8B8C700613136 /* SpecialSpoonUITests.swift */; };
		79F001F525B8B97C00613136 /* AppDependencyContainer.swift in Sources */ = {isa = PBXBuildFile; fileRef = 79F001F425B8B97C00613136 /* AppDependencyContainer.swift */; };
		79F001FF25B8BA0200613136 /* NiblessViewController.swift in Sources */ = {isa = PBXBuildFile; fileRef = 79F001FE25B8BA0200613136 /* NiblessViewController.swift */; };
		79F0020725B8BA1900613136 /* NiblessView.swift in Sources */ = {isa = PBXBuildFile; fileRef = 79F0020625B8BA1900613136 /* NiblessView.swift */; };
		79F0020D25B8BA9000613136 /* RootViewController.swift in Sources */ = {isa = PBXBuildFile; fileRef = 79F0020C25B8BA9000613136 /* RootViewController.swift */; };
		79F0021525B8BACD00613136 /* NiblessNavigationController.swift in Sources */ = {isa = PBXBuildFile; fileRef = 79F0021425B8BACD00613136 /* NiblessNavigationController.swift */; };
		79F0021A25B8BAF800613136 /* MainViewController.swift in Sources */ = {isa = PBXBuildFile; fileRef = 79F0021925B8BAF800613136 /* MainViewController.swift */; };
		79F0022025B8BB6000613136 /* MainView.swift in Sources */ = {isa = PBXBuildFile; fileRef = 79F0021F25B8BB6000613136 /* MainView.swift */; };
/* End PBXBuildFile section */

/* Begin PBXContainerItemProxy section */
		79F001D025B8B8C700613136 /* PBXContainerItemProxy */ = {
			isa = PBXContainerItemProxy;
			containerPortal = 79F001B125B8B8C400613136 /* Project object */;
			proxyType = 1;
			remoteGlobalIDString = 79F001B825B8B8C400613136;
			remoteInfo = SpecialSpoon;
		};
		79F001DB25B8B8C700613136 /* PBXContainerItemProxy */ = {
			isa = PBXContainerItemProxy;
			containerPortal = 79F001B125B8B8C400613136 /* Project object */;
			proxyType = 1;
			remoteGlobalIDString = 79F001B825B8B8C400613136;
			remoteInfo = SpecialSpoon;
		};
/* End PBXContainerItemProxy section */

/* Begin PBXFileReference section */
		79F001B925B8B8C400613136 /* SpecialSpoon.app */ = {isa = PBXFileReference; explicitFileType = wrapper.application; includeInIndex = 0; path = SpecialSpoon.app; sourceTree = BUILT_PRODUCTS_DIR; };
		79F001BC25B8B8C400613136 /* AppDelegate.swift */ = {isa = PBXFileReference; lastKnownFileType = sourcecode.swift; path = AppDelegate.swift; sourceTree = "<group>"; };
		79F001BE25B8B8C400613136 /* SceneDelegate.swift */ = {isa = PBXFileReference; lastKnownFileType = sourcecode.swift; path = SceneDelegate.swift; sourceTree = "<group>"; };
		79F001C525B8B8C600613136 /* Assets.xcassets */ = {isa = PBXFileReference; lastKnownFileType = folder.assetcatalog; path = Assets.xcassets; sourceTree = "<group>"; };
		79F001C825B8B8C600613136 /* Base */ = {isa = PBXFileReference; lastKnownFileType = file.storyboard; name = Base; path = Base.lproj/LaunchScreen.storyboard; sourceTree = "<group>"; };
		79F001CA25B8B8C600613136 /* Info.plist */ = {isa = PBXFileReference; lastKnownFileType = text.plist.xml; path = Info.plist; sourceTree = "<group>"; };
		79F001CF25B8B8C700613136 /* SpecialSpoonTests.xctest */ = {isa = PBXFileReference; explicitFileType = wrapper.cfbundle; includeInIndex = 0; path = SpecialSpoonTests.xctest; sourceTree = BUILT_PRODUCTS_DIR; };
		79F001D325B8B8C700613136 /* SpecialSpoonTests.swift */ = {isa = PBXFileReference; lastKnownFileType = sourcecode.swift; path = SpecialSpoonTests.swift; sourceTree = "<group>"; };
		79F001D525B8B8C700613136 /* Info.plist */ = {isa = PBXFileReference; lastKnownFileType = text.plist.xml; path = Info.plist; sourceTree = "<group>"; };
		79F001DA25B8B8C700613136 /* SpecialSpoonUITests.xctest */ = {isa = PBXFileReference; explicitFileType = wrapper.cfbundle; includeInIndex = 0; path = SpecialSpoonUITests.xctest; sourceTree = BUILT_PRODUCTS_DIR; };
		79F001DE25B8B8C700613136 /* SpecialSpoonUITests.swift */ = {isa = PBXFileReference; lastKnownFileType = sourcecode.swift; path = SpecialSpoonUITests.swift; sourceTree = "<group>"; };
		79F001E025B8B8C700613136 /* Info.plist */ = {isa = PBXFileReference; lastKnownFileType = text.plist.xml; path = Info.plist; sourceTree = "<group>"; };
		79F001F425B8B97C00613136 /* AppDependencyContainer.swift */ = {isa = PBXFileReference; lastKnownFileType = sourcecode.swift; path = AppDependencyContainer.swift; sourceTree = "<group>"; };
		79F001FE25B8BA0200613136 /* NiblessViewController.swift */ = {isa = PBXFileReference; lastKnownFileType = sourcecode.swift; path = NiblessViewController.swift; sourceTree = "<group>"; };
		79F0020625B8BA1900613136 /* NiblessView.swift */ = {isa = PBXFileReference; lastKnownFileType = sourcecode.swift; path = NiblessView.swift; sourceTree = "<group>"; };
		79F0020C25B8BA9000613136 /* RootViewController.swift */ = {isa = PBXFileReference; lastKnownFileType = sourcecode.swift; path = RootViewController.swift; sourceTree = "<group>"; };
		79F0021425B8BACD00613136 /* NiblessNavigationController.swift */ = {isa = PBXFileReference; lastKnownFileType = sourcecode.swift; path = NiblessNavigationController.swift; sourceTree = "<group>"; };
		79F0021925B8BAF800613136 /* MainViewController.swift */ = {isa = PBXFileReference; lastKnownFileType = sourcecode.swift; path = MainViewController.swift; sourceTree = "<group>"; };
		79F0021F25B8BB6000613136 /* MainView.swift */ = {isa = PBXFileReference; lastKnownFileType = sourcecode.swift; path = MainView.swift; sourceTree = "<group>"; };
/* End PBXFileReference section */

/* Begin PBXFrameworksBuildPhase section */
		79F001B625B8B8C400613136 /* Frameworks */ = {
			isa = PBXFrameworksBuildPhase;
			buildActionMask = 2147483647;
			files = (
			);
			runOnlyForDeploymentPostprocessing = 0;
		};
		79F001CC25B8B8C700613136 /* Frameworks */ = {
			isa = PBXFrameworksBuildPhase;
			buildActionMask = 2147483647;
			files = (
			);
			runOnlyForDeploymentPostprocessing = 0;
		};
		79F001D725B8B8C700613136 /* Frameworks */ = {
			isa = PBXFrameworksBuildPhase;
			buildActionMask = 2147483647;
			files = (
			);
			runOnlyForDeploymentPostprocessing = 0;
		};
/* End PBXFrameworksBuildPhase section */

/* Begin PBXGroup section */
		79F001B025B8B8C400613136 = {
			isa = PBXGroup;
			children = (
				79F001BB25B8B8C400613136 /* SpecialSpoon */,
				79F001F325B8B94F00613136 /* SpecialSpoon_iOS */,
				79F001FC25B8B9D700613136 /* SpecialSpoon_UIKit */,
				79F001D225B8B8C700613136 /* SpecialSpoonTests */,
				79F001DD25B8B8C700613136 /* SpecialSpoonUITests */,
				79F001BA25B8B8C400613136 /* Products */,
			);
			sourceTree = "<group>";
		};
		79F001BA25B8B8C400613136 /* Products */ = {
			isa = PBXGroup;
			children = (
				79F001B925B8B8C400613136 /* SpecialSpoon.app */,
				79F001CF25B8B8C700613136 /* SpecialSpoonTests.xctest */,
				79F001DA25B8B8C700613136 /* SpecialSpoonUITests.xctest */,
			);
			name = Products;
			sourceTree = "<group>";
		};
		79F001BB25B8B8C400613136 /* SpecialSpoon */ = {
			isa = PBXGroup;
			children = (
				79F001EF25B8B8EA00613136 /* Delegates */,
				79F001C525B8B8C600613136 /* Assets.xcassets */,
				79F001C725B8B8C600613136 /* LaunchScreen.storyboard */,
				79F001CA25B8B8C600613136 /* Info.plist */,
			);
			path = SpecialSpoon;
			sourceTree = "<group>";
		};
		79F001D225B8B8C700613136 /* SpecialSpoonTests */ = {
			isa = PBXGroup;
			children = (
				79F001D325B8B8C700613136 /* SpecialSpoonTests.swift */,
				79F001D525B8B8C700613136 /* Info.plist */,
			);
			path = SpecialSpoonTests;
			sourceTree = "<group>";
		};
		79F001DD25B8B8C700613136 /* SpecialSpoonUITests */ = {
			isa = PBXGroup;
			children = (
				79F001DE25B8B8C700613136 /* SpecialSpoonUITests.swift */,
				79F001E025B8B8C700613136 /* Info.plist */,
			);
			path = SpecialSpoonUITests;
			sourceTree = "<group>";
		};
		79F001EF25B8B8EA00613136 /* Delegates */ = {
			isa = PBXGroup;
			children = (
				79F001BC25B8B8C400613136 /* AppDelegate.swift */,
				79F001BE25B8B8C400613136 /* SceneDelegate.swift */,
			);
			path = Delegates;
			sourceTree = "<group>";
		};
		79F001F325B8B94F00613136 /* SpecialSpoon_iOS */ = {
			isa = PBXGroup;
			children = (
				79F0021E25B8BB5200613136 /* Views */,
				79F0020B25B8BA7B00613136 /* View Controllers */,
				79F001F425B8B97C00613136 /* AppDependencyContainer.swift */,
			);
			path = SpecialSpoon_iOS;
			sourceTree = "<group>";
		};
		79F001FC25B8B9D700613136 /* SpecialSpoon_UIKit */ = {
			isa = PBXGroup;
			children = (
				79F001FD25B8B9E900613136 /* Nibless Components */,
			);
			path = SpecialSpoon_UIKit;
			sourceTree = "<group>";
		};
		79F001FD25B8B9E900613136 /* Nibless Components */ = {
			isa = PBXGroup;
			children = (
				79F001FE25B8BA0200613136 /* NiblessViewController.swift */,
				79F0020625B8BA1900613136 /* NiblessView.swift */,
				79F0021425B8BACD00613136 /* NiblessNavigationController.swift */,
			);
			path = "Nibless Components";
			sourceTree = "<group>";
		};
		79F0020B25B8BA7B00613136 /* View Controllers */ = {
			isa = PBXGroup;
			children = (
				79F0020C25B8BA9000613136 /* RootViewController.swift */,
				79F0021925B8BAF800613136 /* MainViewController.swift */,
			);
			path = "View Controllers";
			sourceTree = "<group>";
		};
		79F0021E25B8BB5200613136 /* Views */ = {
			isa = PBXGroup;
			children = (
				79F0021F25B8BB6000613136 /* MainView.swift */,
			);
			path = Views;
			sourceTree = "<group>";
		};
/* End PBXGroup section */

/* Begin PBXNativeTarget section */
		79F001B825B8B8C400613136 /* SpecialSpoon */ = {
			isa = PBXNativeTarget;
			buildConfigurationList = 79F001E325B8B8C700613136 /* Build configuration list for PBXNativeTarget "SpecialSpoon" */;
			buildPhases = (
				79F001B525B8B8C400613136 /* Sources */,
				79F001B625B8B8C400613136 /* Frameworks */,
				79F001B725B8B8C400613136 /* Resources */,
			);
			buildRules = (
			);
			dependencies = (
			);
			name = SpecialSpoon;
			productName = SpecialSpoon;
			productReference = 79F001B925B8B8C400613136 /* SpecialSpoon.app */;
			productType = "com.apple.product-type.application";
		};
		79F001CE25B8B8C700613136 /* SpecialSpoonTests */ = {
			isa = PBXNativeTarget;
			buildConfigurationList = 79F001E625B8B8C700613136 /* Build configuration list for PBXNativeTarget "SpecialSpoonTests" */;
			buildPhases = (
				79F001CB25B8B8C700613136 /* Sources */,
				79F001CC25B8B8C700613136 /* Frameworks */,
				79F001CD25B8B8C700613136 /* Resources */,
			);
			buildRules = (
			);
			dependencies = (
				79F001D125B8B8C700613136 /* PBXTargetDependency */,
			);
			name = SpecialSpoonTests;
			productName = SpecialSpoonTests;
			productReference = 79F001CF25B8B8C700613136 /* SpecialSpoonTests.xctest */;
			productType = "com.apple.product-type.bundle.unit-test";
		};
		79F001D925B8B8C700613136 /* SpecialSpoonUITests */ = {
			isa = PBXNativeTarget;
			buildConfigurationList = 79F001E925B8B8C700613136 /* Build configuration list for PBXNativeTarget "SpecialSpoonUITests" */;
			buildPhases = (
				79F001D625B8B8C700613136 /* Sources */,
				79F001D725B8B8C700613136 /* Frameworks */,
				79F001D825B8B8C700613136 /* Resources */,
			);
			buildRules = (
			);
			dependencies = (
				79F001DC25B8B8C700613136 /* PBXTargetDependency */,
			);
			name = SpecialSpoonUITests;
			productName = SpecialSpoonUITests;
			productReference = 79F001DA25B8B8C700613136 /* SpecialSpoonUITests.xctest */;
			productType = "com.apple.product-type.bundle.ui-testing";
		};
/* End PBXNativeTarget section */

/* Begin PBXProject section */
		79F001B125B8B8C400613136 /* Project object */ = {
			isa = PBXProject;
			attributes = {
				LastSwiftUpdateCheck = 1230;
				LastUpgradeCheck = 1230;
				TargetAttributes = {
					79F001B825B8B8C400613136 = {
						CreatedOnToolsVersion = 12.3;
					};
					79F001CE25B8B8C700613136 = {
						CreatedOnToolsVersion = 12.3;
						TestTargetID = 79F001B825B8B8C400613136;
					};
					79F001D925B8B8C700613136 = {
						CreatedOnToolsVersion = 12.3;
						TestTargetID = 79F001B825B8B8C400613136;
					};
				};
			};
			buildConfigurationList = 79F001B425B8B8C400613136 /* Build configuration list for PBXProject "SpecialSpoon" */;
			compatibilityVersion = "Xcode 9.3";
			developmentRegion = en;
			hasScannedForEncodings = 0;
			knownRegions = (
				en,
				Base,
			);
			mainGroup = 79F001B025B8B8C400613136;
			productRefGroup = 79F001BA25B8B8C400613136 /* Products */;
			projectDirPath = "";
			projectRoot = "";
			targets = (
				79F001B825B8B8C400613136 /* SpecialSpoon */,
				79F001CE25B8B8C700613136 /* SpecialSpoonTests */,
				79F001D925B8B8C700613136 /* SpecialSpoonUITests */,
			);
		};
/* End PBXProject section */

/* Begin PBXResourcesBuildPhase section */
		79F001B725B8B8C400613136 /* Resources */ = {
			isa = PBXResourcesBuildPhase;
			buildActionMask = 2147483647;
			files = (
				79F001C925B8B8C600613136 /* LaunchScreen.storyboard in Resources */,
				79F001C625B8B8C600613136 /* Assets.xcassets in Resources */,
			);
			runOnlyForDeploymentPostprocessing = 0;
		};
		79F001CD25B8B8C700613136 /* Resources */ = {
			isa = PBXResourcesBuildPhase;
			buildActionMask = 2147483647;
			files = (
			);
			runOnlyForDeploymentPostprocessing = 0;
		};
		79F001D825B8B8C700613136 /* Resources */ = {
			isa = PBXResourcesBuildPhase;
			buildActionMask = 2147483647;
			files = (
			);
			runOnlyForDeploymentPostprocessing = 0;
		};
/* End PBXResourcesBuildPhase section */

/* Begin PBXSourcesBuildPhase section */
		79F001B525B8B8C400613136 /* Sources */ = {
			isa = PBXSourcesBuildPhase;
			buildActionMask = 2147483647;
			files = (
				79F001BD25B8B8C400613136 /* AppDelegate.swift in Sources */,
				79F0022025B8BB6000613136 /* MainView.swift in Sources */,
				79F0021525B8BACD00613136 /* NiblessNavigationController.swift in Sources */,
				79F001FF25B8BA0200613136 /* NiblessViewController.swift in Sources */,
				79F0020D25B8BA9000613136 /* RootViewController.swift in Sources */,
				79F0020725B8BA1900613136 /* NiblessView.swift in Sources */,
				79F001F525B8B97C00613136 /* AppDependencyContainer.swift in Sources */,
				79F001BF25B8B8C400613136 /* SceneDelegate.swift in Sources */,
				79F0021A25B8BAF800613136 /* MainViewController.swift in Sources */,
			);
			runOnlyForDeploymentPostprocessing = 0;
		};
		79F001CB25B8B8C700613136 /* Sources */ = {
			isa = PBXSourcesBuildPhase;
			buildActionMask = 2147483647;
			files = (
				79F001D425B8B8C700613136 /* SpecialSpoonTests.swift in Sources */,
			);
			runOnlyForDeploymentPostprocessing = 0;
		};
		79F001D625B8B8C700613136 /* Sources */ = {
			isa = PBXSourcesBuildPhase;
			buildActionMask = 2147483647;
			files = (
				79F001DF25B8B8C700613136 /* SpecialSpoonUITests.swift in Sources */,
			);
			runOnlyForDeploymentPostprocessing = 0;
		};
/* End PBXSourcesBuildPhase section */

/* Begin PBXTargetDependency section */
		79F001D125B8B8C700613136 /* PBXTargetDependency */ = {
			isa = PBXTargetDependency;
			target = 79F001B825B8B8C400613136 /* SpecialSpoon */;
			targetProxy = 79F001D025B8B8C700613136 /* PBXContainerItemProxy */;
		};
		79F001DC25B8B8C700613136 /* PBXTargetDependency */ = {
			isa = PBXTargetDependency;
			target = 79F001B825B8B8C400613136 /* SpecialSpoon */;
			targetProxy = 79F001DB25B8B8C700613136 /* PBXContainerItemProxy */;
		};
/* End PBXTargetDependency section */

/* Begin PBXVariantGroup section */
		79F001C725B8B8C600613136 /* LaunchScreen.storyboard */ = {
			isa = PBXVariantGroup;
			children = (
				79F001C825B8B8C600613136 /* Base */,
			);
			name = LaunchScreen.storyboard;
			sourceTree = "<group>";
		};
/* End PBXVariantGroup section */

/* Begin XCBuildConfiguration section */
		79F001E125B8B8C700613136 /* Debug */ = {
			isa = XCBuildConfiguration;
			buildSettings = {
				ALWAYS_SEARCH_USER_PATHS = NO;
				CLANG_ANALYZER_NONNULL = YES;
				CLANG_ANALYZER_NUMBER_OBJECT_CONVERSION = YES_AGGRESSIVE;
				CLANG_CXX_LANGUAGE_STANDARD = "gnu++14";
				CLANG_CXX_LIBRARY = "libc++";
				CLANG_ENABLE_MODULES = YES;
				CLANG_ENABLE_OBJC_ARC = YES;
				CLANG_ENABLE_OBJC_WEAK = YES;
				CLANG_WARN_BLOCK_CAPTURE_AUTORELEASING = YES;
				CLANG_WARN_BOOL_CONVERSION = YES;
				CLANG_WARN_COMMA = YES;
				CLANG_WARN_CONSTANT_CONVERSION = YES;
				CLANG_WARN_DEPRECATED_OBJC_IMPLEMENTATIONS = YES;
				CLANG_WARN_DIRECT_OBJC_ISA_USAGE = YES_ERROR;
				CLANG_WARN_DOCUMENTATION_COMMENTS = YES;
				CLANG_WARN_EMPTY_BODY = YES;
				CLANG_WARN_ENUM_CONVERSION = YES;
				CLANG_WARN_INFINITE_RECURSION = YES;
				CLANG_WARN_INT_CONVERSION = YES;
				CLANG_WARN_NON_LITERAL_NULL_CONVERSION = YES;
				CLANG_WARN_OBJC_IMPLICIT_RETAIN_SELF = YES;
				CLANG_WARN_OBJC_LITERAL_CONVERSION = YES;
				CLANG_WARN_OBJC_ROOT_CLASS = YES_ERROR;
				CLANG_WARN_QUOTED_INCLUDE_IN_FRAMEWORK_HEADER = YES;
				CLANG_WARN_RANGE_LOOP_ANALYSIS = YES;
				CLANG_WARN_STRICT_PROTOTYPES = YES;
				CLANG_WARN_SUSPICIOUS_MOVE = YES;
				CLANG_WARN_UNGUARDED_AVAILABILITY = YES_AGGRESSIVE;
				CLANG_WARN_UNREACHABLE_CODE = YES;
				CLANG_WARN__DUPLICATE_METHOD_MATCH = YES;
				COPY_PHASE_STRIP = NO;
				DEBUG_INFORMATION_FORMAT = dwarf;
				ENABLE_STRICT_OBJC_MSGSEND = YES;
				ENABLE_TESTABILITY = YES;
				GCC_C_LANGUAGE_STANDARD = gnu11;
				GCC_DYNAMIC_NO_PIC = NO;
				GCC_NO_COMMON_BLOCKS = YES;
				GCC_OPTIMIZATION_LEVEL = 0;
				GCC_PREPROCESSOR_DEFINITIONS = (
					"DEBUG=1",
					"$(inherited)",
				);
				GCC_WARN_64_TO_32_BIT_CONVERSION = YES;
				GCC_WARN_ABOUT_RETURN_TYPE = YES_ERROR;
				GCC_WARN_UNDECLARED_SELECTOR = YES;
				GCC_WARN_UNINITIALIZED_AUTOS = YES_AGGRESSIVE;
				GCC_WARN_UNUSED_FUNCTION = YES;
				GCC_WARN_UNUSED_VARIABLE = YES;
				IPHONEOS_DEPLOYMENT_TARGET = 14.3;
				MTL_ENABLE_DEBUG_INFO = INCLUDE_SOURCE;
				MTL_FAST_MATH = YES;
				ONLY_ACTIVE_ARCH = YES;
				SDKROOT = iphoneos;
				SWIFT_ACTIVE_COMPILATION_CONDITIONS = DEBUG;
				SWIFT_OPTIMIZATION_LEVEL = "-Onone";
			};
			name = Debug;
		};
		79F001E225B8B8C700613136 /* Release */ = {
			isa = XCBuildConfiguration;
			buildSettings = {
				ALWAYS_SEARCH_USER_PATHS = NO;
				CLANG_ANALYZER_NONNULL = YES;
				CLANG_ANALYZER_NUMBER_OBJECT_CONVERSION = YES_AGGRESSIVE;
				CLANG_CXX_LANGUAGE_STANDARD = "gnu++14";
				CLANG_CXX_LIBRARY = "libc++";
				CLANG_ENABLE_MODULES = YES;
				CLANG_ENABLE_OBJC_ARC = YES;
				CLANG_ENABLE_OBJC_WEAK = YES;
				CLANG_WARN_BLOCK_CAPTURE_AUTORELEASING = YES;
				CLANG_WARN_BOOL_CONVERSION = YES;
				CLANG_WARN_COMMA = YES;
				CLANG_WARN_CONSTANT_CONVERSION = YES;
				CLANG_WARN_DEPRECATED_OBJC_IMPLEMENTATIONS = YES;
				CLANG_WARN_DIRECT_OBJC_ISA_USAGE = YES_ERROR;
				CLANG_WARN_DOCUMENTATION_COMMENTS = YES;
				CLANG_WARN_EMPTY_BODY = YES;
				CLANG_WARN_ENUM_CONVERSION = YES;
				CLANG_WARN_INFINITE_RECURSION = YES;
				CLANG_WARN_INT_CONVERSION = YES;
				CLANG_WARN_NON_LITERAL_NULL_CONVERSION = YES;
				CLANG_WARN_OBJC_IMPLICIT_RETAIN_SELF = YES;
				CLANG_WARN_OBJC_LITERAL_CONVERSION = YES;
				CLANG_WARN_OBJC_ROOT_CLASS = YES_ERROR;
				CLANG_WARN_QUOTED_INCLUDE_IN_FRAMEWORK_HEADER = YES;
				CLANG_WARN_RANGE_LOOP_ANALYSIS = YES;
				CLANG_WARN_STRICT_PROTOTYPES = YES;
				CLANG_WARN_SUSPICIOUS_MOVE = YES;
				CLANG_WARN_UNGUARDED_AVAILABILITY = YES_AGGRESSIVE;
				CLANG_WARN_UNREACHABLE_CODE = YES;
				CLANG_WARN__DUPLICATE_METHOD_MATCH = YES;
				COPY_PHASE_STRIP = NO;
				DEBUG_INFORMATION_FORMAT = "dwarf-with-dsym";
				ENABLE_NS_ASSERTIONS = NO;
				ENABLE_STRICT_OBJC_MSGSEND = YES;
				GCC_C_LANGUAGE_STANDARD = gnu11;
				GCC_NO_COMMON_BLOCKS = YES;
				GCC_WARN_64_TO_32_BIT_CONVERSION = YES;
				GCC_WARN_ABOUT_RETURN_TYPE = YES_ERROR;
				GCC_WARN_UNDECLARED_SELECTOR = YES;
				GCC_WARN_UNINITIALIZED_AUTOS = YES_AGGRESSIVE;
				GCC_WARN_UNUSED_FUNCTION = YES;
				GCC_WARN_UNUSED_VARIABLE = YES;
				IPHONEOS_DEPLOYMENT_TARGET = 14.3;
				MTL_ENABLE_DEBUG_INFO = NO;
				MTL_FAST_MATH = YES;
				SDKROOT = iphoneos;
				SWIFT_COMPILATION_MODE = wholemodule;
				SWIFT_OPTIMIZATION_LEVEL = "-O";
				VALIDATE_PRODUCT = YES;
			};
			name = Release;
		};
		79F001E425B8B8C700613136 /* Debug */ = {
			isa = XCBuildConfiguration;
			buildSettings = {
				ASSETCATALOG_COMPILER_APPICON_NAME = AppIcon;
				ASSETCATALOG_COMPILER_GLOBAL_ACCENT_COLOR_NAME = AccentColor;
				CODE_SIGN_STYLE = Automatic;
				INFOPLIST_FILE = SpecialSpoon/Info.plist;
				LD_RUNPATH_SEARCH_PATHS = (
					"$(inherited)",
					"@executable_path/Frameworks",
				);
				PRODUCT_BUNDLE_IDENTIFIER = VolonBolon.SpecialSpoon;
				PRODUCT_NAME = "$(TARGET_NAME)";
				SWIFT_VERSION = 5.0;
				TARGETED_DEVICE_FAMILY = "1,2";
			};
			name = Debug;
		};
		79F001E525B8B8C700613136 /* Release */ = {
			isa = XCBuildConfiguration;
			buildSettings = {
				ASSETCATALOG_COMPILER_APPICON_NAME = AppIcon;
				ASSETCATALOG_COMPILER_GLOBAL_ACCENT_COLOR_NAME = AccentColor;
				CODE_SIGN_STYLE = Automatic;
				INFOPLIST_FILE = SpecialSpoon/Info.plist;
				LD_RUNPATH_SEARCH_PATHS = (
					"$(inherited)",
					"@executable_path/Frameworks",
				);
				PRODUCT_BUNDLE_IDENTIFIER = VolonBolon.SpecialSpoon;
				PRODUCT_NAME = "$(TARGET_NAME)";
				SWIFT_VERSION = 5.0;
				TARGETED_DEVICE_FAMILY = "1,2";
			};
			name = Release;
		};
		79F001E725B8B8C700613136 /* Debug */ = {
			isa = XCBuildConfiguration;
			buildSettings = {
				ALWAYS_EMBED_SWIFT_STANDARD_LIBRARIES = YES;
				BUNDLE_LOADER = "$(TEST_HOST)";
				CODE_SIGN_STYLE = Automatic;
				INFOPLIST_FILE = SpecialSpoonTests/Info.plist;
				IPHONEOS_DEPLOYMENT_TARGET = 14.3;
				LD_RUNPATH_SEARCH_PATHS = (
					"$(inherited)",
					"@executable_path/Frameworks",
					"@loader_path/Frameworks",
				);
				PRODUCT_BUNDLE_IDENTIFIER = VolonBolon.SpecialSpoonTests;
				PRODUCT_NAME = "$(TARGET_NAME)";
				SWIFT_VERSION = 5.0;
				TARGETED_DEVICE_FAMILY = "1,2";
				TEST_HOST = "$(BUILT_PRODUCTS_DIR)/SpecialSpoon.app/SpecialSpoon";
			};
			name = Debug;
		};
		79F001E825B8B8C700613136 /* Release */ = {
			isa = XCBuildConfiguration;
			buildSettings = {
				ALWAYS_EMBED_SWIFT_STANDARD_LIBRARIES = YES;
				BUNDLE_LOADER = "$(TEST_HOST)";
				CODE_SIGN_STYLE = Automatic;
				INFOPLIST_FILE = SpecialSpoonTests/Info.plist;
				IPHONEOS_DEPLOYMENT_TARGET = 14.3;
				LD_RUNPATH_SEARCH_PATHS = (
					"$(inherited)",
					"@executable_path/Frameworks",
					"@loader_path/Frameworks",
				);
				PRODUCT_BUNDLE_IDENTIFIER = VolonBolon.SpecialSpoonTests;
				PRODUCT_NAME = "$(TARGET_NAME)";
				SWIFT_VERSION = 5.0;
				TARGETED_DEVICE_FAMILY = "1,2";
				TEST_HOST = "$(BUILT_PRODUCTS_DIR)/SpecialSpoon.app/SpecialSpoon";
			};
			name = Release;
		};
		79F001EA25B8B8C700613136 /* Debug */ = {
			isa = XCBuildConfiguration;
			buildSettings = {
				ALWAYS_EMBED_SWIFT_STANDARD_LIBRARIES = YES;
				CODE_SIGN_STYLE = Automatic;
				INFOPLIST_FILE = SpecialSpoonUITests/Info.plist;
				LD_RUNPATH_SEARCH_PATHS = (
					"$(inherited)",
					"@executable_path/Frameworks",
					"@loader_path/Frameworks",
				);
				PRODUCT_BUNDLE_IDENTIFIER = VolonBolon.SpecialSpoonUITests;
				PRODUCT_NAME = "$(TARGET_NAME)";
				SWIFT_VERSION = 5.0;
				TARGETED_DEVICE_FAMILY = "1,2";
				TEST_TARGET_NAME = SpecialSpoon;
			};
			name = Debug;
		};
		79F001EB25B8B8C700613136 /* Release */ = {
			isa = XCBuildConfiguration;
			buildSettings = {
				ALWAYS_EMBED_SWIFT_STANDARD_LIBRARIES = YES;
				CODE_SIGN_STYLE = Automatic;
				INFOPLIST_FILE = SpecialSpoonUITests/Info.plist;
				LD_RUNPATH_SEARCH_PATHS = (
					"$(inherited)",
					"@executable_path/Frameworks",
					"@loader_path/Frameworks",
				);
				PRODUCT_BUNDLE_IDENTIFIER = VolonBolon.SpecialSpoonUITests;
				PRODUCT_NAME = "$(TARGET_NAME)";
				SWIFT_VERSION = 5.0;
				TARGETED_DEVICE_FAMILY = "1,2";
				TEST_TARGET_NAME = SpecialSpoon;
			};
			name = Release;
		};
/* End XCBuildConfiguration section */

/* Begin XCConfigurationList section */
		79F001B425B8B8C400613136 /* Build configuration list for PBXProject "SpecialSpoon" */ = {
			isa = XCConfigurationList;
			buildConfigurations = (
				79F001E125B8B8C700613136 /* Debug */,
				79F001E225B8B8C700613136 /* Release */,
			);
			defaultConfigurationIsVisible = 0;
			defaultConfigurationName = Release;
		};
		79F001E325B8B8C700613136 /* Build configuration list for PBXNativeTarget "SpecialSpoon" */ = {
			isa = XCConfigurationList;
			buildConfigurations = (
				79F001E425B8B8C700613136 /* Debug */,
				79F001E525B8B8C700613136 /* Release */,
			);
			defaultConfigurationIsVisible = 0;
			defaultConfigurationName = Release;
		};
		79F001E625B8B8C700613136 /* Build configuration list for PBXNativeTarget "SpecialSpoonTests" */ = {
			isa = XCConfigurationList;
			buildConfigurations = (
				79F001E725B8B8C700613136 /* Debug */,
				79F001E825B8B8C700613136 /* Release */,
			);
			defaultConfigurationIsVisible = 0;
			defaultConfigurationName = Release;
		};
		79F001E925B8B8C700613136 /* Build configuration list for PBXNativeTarget "SpecialSpoonUITests" */ = {
			isa = XCConfigurationList;
			buildConfigurations = (
				79F001EA25B8B8C700613136 /* Debug */,
				79F001EB25B8B8C700613136 /* Release */,
			);
			defaultConfigurationIsVisible = 0;
			defaultConfigurationName = Release;
		};
/* End XCConfigurationList section */
	};
	rootObject = 79F001B125B8B8C400613136 /* Project object */;
}
